// !$*UTF8*$!
{
	archiveVersion = 1;
	classes = {
	};
	objectVersion = 46;
	objects = {

/* Begin PBXBuildFile section */
		54C3C40B1D67D035009AB19E /* AppDelegate.swift in Sources */ = {isa = PBXBuildFile; fileRef = 54C3C40A1D67D035009AB19E /* AppDelegate.swift */; };
		54C3C40D1D67D035009AB19E /* ViewController.swift in Sources */ = {isa = PBXBuildFile; fileRef = 54C3C40C1D67D035009AB19E /* ViewController.swift */; };
		54C3C4101D67D035009AB19E /* Main.storyboard in Resources */ = {isa = PBXBuildFile; fileRef = 54C3C40E1D67D035009AB19E /* Main.storyboard */; };
		54C3C4121D67D035009AB19E /* Assets.xcassets in Resources */ = {isa = PBXBuildFile; fileRef = 54C3C4111D67D035009AB19E /* Assets.xcassets */; };
		54C3C4151D67D035009AB19E /* LaunchScreen.storyboard in Resources */ = {isa = PBXBuildFile; fileRef = 54C3C4131D67D035009AB19E /* LaunchScreen.storyboard */; };
		54C3C41F1D67DFAE009AB19E /* MasterTableViewController.swift in Sources */ = {isa = PBXBuildFile; fileRef = 54C3C41E1D67DFAE009AB19E /* MasterTableViewController.swift */; settings = {ASSET_TAGS = (); }; };
		54C3C4211D67E004009AB19E /* AddViewController.swift in Sources */ = {isa = PBXBuildFile; fileRef = 54C3C4201D67E004009AB19E /* AddViewController.swift */; settings = {ASSET_TAGS = (); }; };
		54C3C4231D67E04D009AB19E /* DetailViewController.swift in Sources */ = {isa = PBXBuildFile; fileRef = 54C3C4221D67E04D009AB19E /* DetailViewController.swift */; settings = {ASSET_TAGS = (); }; };
		54C3C4251D67E072009AB19E /* TimerViewController.swift in Sources */ = {isa = PBXBuildFile; fileRef = 54C3C4241D67E072009AB19E /* TimerViewController.swift */; settings = {ASSET_TAGS = (); }; };
/* End PBXBuildFile section */

/* Begin PBXFileReference section */
		54C3C4071D67D035009AB19E /* TaskTimer.app */ = {isa = PBXFileReference; explicitFileType = wrapper.application; includeInIndex = 0; path = TaskTimer.app; sourceTree = BUILT_PRODUCTS_DIR; };
		54C3C40A1D67D035009AB19E /* AppDelegate.swift */ = {isa = PBXFileReference; lastKnownFileType = sourcecode.swift; path = AppDelegate.swift; sourceTree = "<group>"; };
		54C3C40C1D67D035009AB19E /* ViewController.swift */ = {isa = PBXFileReference; lastKnownFileType = sourcecode.swift; path = ViewController.swift; sourceTree = "<group>"; };
		54C3C40F1D67D035009AB19E /* Base */ = {isa = PBXFileReference; lastKnownFileType = file.storyboard; name = Base; path = Base.lproj/Main.storyboard; sourceTree = "<group>"; };
		54C3C4111D67D035009AB19E /* Assets.xcassets */ = {isa = PBXFileReference; lastKnownFileType = folder.assetcatalog; path = Assets.xcassets; sourceTree = "<group>"; };
		54C3C4141D67D035009AB19E /* Base */ = {isa = PBXFileReference; lastKnownFileType = file.storyboard; name = Base; path = Base.lproj/LaunchScreen.storyboard; sourceTree = "<group>"; };
		54C3C4161D67D035009AB19E /* Info.plist */ = {isa = PBXFileReference; lastKnownFileType = text.plist.xml; path = Info.plist; sourceTree = "<group>"; };
		54C3C41E1D67DFAE009AB19E /* MasterTableViewController.swift */ = {isa = PBXFileReference; fileEncoding = 4; lastKnownFileType = sourcecode.swift; path = MasterTableViewController.swift; sourceTree = "<group>"; };
		54C3C4201D67E004009AB19E /* AddViewController.swift */ = {isa = PBXFileReference; fileEncoding = 4; lastKnownFileType = sourcecode.swift; path = AddViewController.swift; sourceTree = "<group>"; };
		54C3C4221D67E04D009AB19E /* DetailViewController.swift */ = {isa = PBXFileReference; fileEncoding = 4; lastKnownFileType = sourcecode.swift; path = DetailViewController.swift; sourceTree = "<group>"; };
		54C3C4241D67E072009AB19E /* TimerViewController.swift */ = {isa = PBXFileReference; fileEncoding = 4; lastKnownFileType = sourcecode.swift; path = TimerViewController.swift; sourceTree = "<group>"; };
/* End PBXFileReference section */

/* Begin PBXFrameworksBuildPhase section */
		54C3C4041D67D035009AB19E /* Frameworks */ = {
			isa = PBXFrameworksBuildPhase;
			buildActionMask = 2147483647;
			files = (
			);
			runOnlyForDeploymentPostprocessing = 0;
		};
/* End PBXFrameworksBuildPhase section */

/* Begin PBXGroup section */
		54C3C3FE1D67D035009AB19E = {
			isa = PBXGroup;
			children = (
				54C3C4091D67D035009AB19E /* TaskTimer */,
				54C3C4081D67D035009AB19E /* Products */,
			);
			sourceTree = "<group>";
		};
		54C3C4081D67D035009AB19E /* Products */ = {
			isa = PBXGroup;
			children = (
				54C3C4071D67D035009AB19E /* TaskTimer.app */,
			);
			name = Products;
			sourceTree = "<group>";
		};
		54C3C4091D67D035009AB19E /* TaskTimer */ = {
			isa = PBXGroup;
			children = (
				54C3C40A1D67D035009AB19E /* AppDelegate.swift */,
				54C3C41E1D67DFAE009AB19E /* MasterTableViewController.swift */,
				54C3C4201D67E004009AB19E /* AddViewController.swift */,
				54C3C4221D67E04D009AB19E /* DetailViewController.swift */,
				54C3C4241D67E072009AB19E /* TimerViewController.swift */,
				54C3C40C1D67D035009AB19E /* ViewController.swift */,
				54C3C40E1D67D035009AB19E /* Main.storyboard */,
				54C3C4111D67D035009AB19E /* Assets.xcassets */,
				54C3C4131D67D035009AB19E /* LaunchScreen.storyboard */,
				54C3C4161D67D035009AB19E /* Info.plist */,
			);
			path = TaskTimer;
			sourceTree = "<group>";
		};
/* End PBXGroup section */

/* Begin PBXNativeTarget section */
		54C3C4061D67D035009AB19E /* TaskTimer */ = {
			isa = PBXNativeTarget;
			buildConfigurationList = 54C3C4191D67D035009AB19E /* Build configuration list for PBXNativeTarget "TaskTimer" */;
			buildPhases = (
				54C3C4031D67D035009AB19E /* Sources */,
				54C3C4041D67D035009AB19E /* Frameworks */,
				54C3C4051D67D035009AB19E /* Resources */,
			);
			buildRules = (
			);
			dependencies = (
			);
			name = TaskTimer;
			productName = TaskTimer;
			productReference = 54C3C4071D67D035009AB19E /* TaskTimer.app */;
			productType = "com.apple.product-type.application";
		};
/* End PBXNativeTarget section */

/* Begin PBXProject section */
		54C3C3FF1D67D035009AB19E /* Project object */ = {
			isa = PBXProject;
			attributes = {
				LastUpgradeCheck = 0700;
				ORGANIZATIONNAME = "Ahmad Aboelghet";
				TargetAttributes = {
					54C3C4061D67D035009AB19E = {
						CreatedOnToolsVersion = 7.0;
					};
				};
			};
			buildConfigurationList = 54C3C4021D67D035009AB19E /* Build configuration list for PBXProject "TaskTimer" */;
			compatibilityVersion = "Xcode 3.2";
			developmentRegion = English;
			hasScannedForEncodings = 0;
			knownRegions = (
				en,
				Base,
			);
			mainGroup = 54C3C3FE1D67D035009AB19E;
			productRefGroup = 54C3C4081D67D035009AB19E /* Products */;
			projectDirPath = "";
			projectRoot = "";
			targets = (
				54C3C4061D67D035009AB19E /* TaskTimer */,
			);
		};
/* End PBXProject section */

/* Begin PBXResourcesBuildPhase section */
		54C3C4051D67D035009AB19E /* Resources */ = {
			isa = PBXResourcesBuildPhase;
			buildActionMask = 2147483647;
			files = (
				54C3C4151D67D035009AB19E /* LaunchScreen.storyboard in Resources */,
				54C3C4121D67D035009AB19E /* Assets.xcassets in Resources */,
				54C3C4101D67D035009AB19E /* Main.storyboard in Resources */,
			);
			runOnlyForDeploymentPostprocessing = 0;
		};
/* End PBXResourcesBuildPhase section */

/* Begin PBXSourcesBuildPhase section */
		54C3C4031D67D035009AB19E /* Sources */ = {
			isa = PBXSourcesBuildPhase;
			buildActionMask = 2147483647;
			files = (
				54C3C40D1D67D035009AB19E /* ViewController.swift in Sources */,
				54C3C41F1D67DFAE009AB19E /* MasterTableViewController.swift in Sources */,
				54C3C4231D67E04D009AB19E /* DetailViewController.swift in Sources */,
				54C3C4211D67E004009AB19E /* AddViewController.swift in Sources */,
				54C3C4251D67E072009AB19E /* TimerViewController.swift in Sources */,
				54C3C40B1D67D035009AB19E /* AppDelegate.swift in Sources */,
			);
			runOnlyForDeploymentPostprocessing = 0;
		};
/* End PBXSourcesBuildPhase section */

/* Begin PBXVariantGroup section */
		54C3C40E1D67D035009AB19E /* Main.storyboard */ = {
			isa = PBXVariantGroup;
			children = (
				54C3C40F1D67D035009AB19E /* Base */,
			);
			name = Main.storyboard;
			sourceTree = "<group>";
		};
		54C3C4131D67D035009AB19E /* LaunchScreen.storyboard */ = {
			isa = PBXVariantGroup;
			children = (
				54C3C4141D67D035009AB19E /* Base */,
			);
			name = LaunchScreen.storyboard;
			sourceTree = "<group>";
		};
/* End PBXVariantGroup section */

/* Begin XCBuildConfiguration section */
		54C3C4171D67D035009AB19E /* Debug */ = {
			isa = XCBuildConfiguration;
			buildSettings = {
				ALWAYS_SEARCH_USER_PATHS = NO;
				CLANG_CXX_LANGUAGE_STANDARD = "gnu++0x";
				CLANG_CXX_LIBRARY = "libc++";
				CLANG_ENABLE_MODULES = YES;
				CLANG_ENABLE_OBJC_ARC = YES;
				CLANG_WARN_BOOL_CONVERSION = YES;
				CLANG_WARN_CONSTANT_CONVERSION = YES;
				CLANG_WARN_DIRECT_OBJC_ISA_USAGE = YES_ERROR;
				CLANG_WARN_EMPTY_BODY = YES;
				CLANG_WARN_ENUM_CONVERSION = YES;
				CLANG_WARN_INT_CONVERSION = YES;
				CLANG_WARN_OBJC_ROOT_CLASS = YES_ERROR;
				CLANG_WARN_UNREACHABLE_CODE = YES;
				CLANG_WARN__DUPLICATE_METHOD_MATCH = YES;
				"CODE_SIGN_IDENTITY[sdk=iphoneos*]" = "iPhone Developer";
				COPY_PHASE_STRIP = NO;
				DEBUG_INFORMATION_FORMAT = dwarf;
				ENABLE_STRICT_OBJC_MSGSEND = YES;
				ENABLE_TESTABILITY = YES;
				GCC_C_LANGUAGE_STANDARD = gnu99;
				GCC_DYNAMIC_NO_PIC = NO;
				GCC_NO_COMMON_BLOCKS = YES;
				GCC_OPTIMIZATION_LEVEL = 0;
				GCC_PREPROCESSOR_DEFINITIONS = (
					"DEBUG=1",
					"$(inherited)",
				);
				GCC_WARN_64_TO_32_BIT_CONVERSION = YES;
				GCC_WARN_ABOUT_RETURN_TYPE = YES_ERROR;
				GCC_WARN_UNDECLARED_SELECTOR = YES;
				GCC_WARN_UNINITIALIZED_AUTOS = YES_AGGRESSIVE;
				GCC_WARN_UNUSED_FUNCTION = YES;
				GCC_WARN_UNUSED_VARIABLE = YES;
				IPHONEOS_DEPLOYMENT_TARGET = 9.0;
				MTL_ENABLE_DEBUG_INFO = YES;
				ONLY_ACTIVE_ARCH = YES;
				SDKROOT = iphoneos;
				SWIFT_OPTIMIZATION_LEVEL = "-Onone";
				TARGETED_DEVICE_FAMILY = "1,2";
			};
			name = Debug;
		};
		54C3C4181D67D035009AB19E /* Release */ = {
			isa = XCBuildConfiguration;
			buildSettings = {
				ALWAYS_SEARCH_USER_PATHS = NO;
				CLANG_CXX_LANGUAGE_STANDARD = "gnu++0x";
				CLANG_CXX_LIBRARY = "libc++";
				CLANG_ENABLE_MODULES = YES;
				CLANG_ENABLE_OBJC_ARC = YES;
				CLANG_WARN_BOOL_CONVERSION = YES;
				CLANG_WARN_CONSTANT_CONVERSION = YES;
				CLANG_WARN_DIRECT_OBJC_ISA_USAGE = YES_ERROR;
				CLANG_WARN_EMPTY_BODY = YES;
				CLANG_WARN_ENUM_CONVERSION = YES;
				CLANG_WARN_INT_CONVERSION = YES;
				CLANG_WARN_OBJC_ROOT_CLASS = YES_ERROR;
				CLANG_WARN_UNREACHABLE_CODE = YES;
				CLANG_WARN__DUPLICATE_METHOD_MATCH = YES;
				"CODE_SIGN_IDENTITY[sdk=iphoneos*]" = "iPhone Developer";
				COPY_PHASE_STRIP = NO;
				DEBUG_INFORMATION_FORMAT = "dwarf-with-dsym";
				ENABLE_NS_ASSERTIONS = NO;
				ENABLE_STRICT_OBJC_MSGSEND = YES;
				GCC_C_LANGUAGE_STANDARD = gnu99;
				GCC_NO_COMMON_BLOCKS = YES;
				GCC_WARN_64_TO_32_BIT_CONVERSION = YES;
				GCC_WARN_ABOUT_RETURN_TYPE = YES_ERROR;
				GCC_WARN_UNDECLARED_SELECTOR = YES;
				GCC_WARN_UNINITIALIZED_AUTOS = YES_AGGRESSIVE;
				GCC_WARN_UNUSED_FUNCTION = YES;
				GCC_WARN_UNUSED_VARIABLE = YES;
				IPHONEOS_DEPLOYMENT_TARGET = 9.0;
				MTL_ENABLE_DEBUG_INFO = NO;
				SDKROOT = iphoneos;
				TARGETED_DEVICE_FAMILY = "1,2";
				VALIDATE_PRODUCT = YES;
			};
			name = Release;
		};
		54C3C41A1D67D035009AB19E /* Debug */ = {
			isa = XCBuildConfiguration;
			buildSettings = {
				ASSETCATALOG_COMPILER_APPICON_NAME = AppIcon;
				INFOPLIST_FILE = TaskTimer/Info.plist;
				LD_RUNPATH_SEARCH_PATHS = "$(inherited) @executable_path/Frameworks";
				PRODUCT_BUNDLE_IDENTIFIER = aim.TaskTimer;
				PRODUCT_NAME = "$(TARGET_NAME)";
			};
			name = Debug;
		};
		54C3C41B1D67D035009AB19E /* Release */ = {
			isa = XCBuildConfiguration;
			buildSettings = {
				ASSETCATALOG_COMPILER_APPICON_NAME = AppIcon;
				INFOPLIST_FILE = TaskTimer/Info.plist;
				LD_RUNPATH_SEARCH_PATHS = "$(inherited) @executable_path/Frameworks";
				PRODUCT_BUNDLE_IDENTIFIER = aim.TaskTimer;
				PRODUCT_NAME = "$(TARGET_NAME)";
			};
			name = Release;
		};
/* End XCBuildConfiguration section */

/* Begin XCConfigurationList section */
		54C3C4021D67D035009AB19E /* Build configuration list for PBXProject "TaskTimer" */ = {
			isa = XCConfigurationList;
			buildConfigurations = (
				54C3C4171D67D035009AB19E /* Debug */,
				54C3C4181D67D035009AB19E /* Release */,
			);
			defaultConfigurationIsVisible = 0;
			defaultConfigurationName = Release;
		};
		54C3C4191D67D035009AB19E /* Build configuration list for PBXNativeTarget "TaskTimer" */ = {
			isa = XCConfigurationList;
			buildConfigurations = (
				54C3C41A1D67D035009AB19E /* Debug */,
				54C3C41B1D67D035009AB19E /* Release */,
			);
			defaultConfigurationIsVisible = 0;
		};
/* End XCConfigurationList section */
	};
	rootObject = 54C3C3FF1D67D035009AB19E /* Project object */;
}
